
Microsoft Visual Studio Solution File, Format Version 12.00
# Visual Studio 15
VisualStudioVersion = 15.0.27703.1
MinimumVisualStudioVersion = 10.0.40219.1
Project("{FAE04EC0-301F-11D3-BF4B-00C04F79EFBC}") = "ConsoleApp4", "ConsoleApp4\ConsoleApp4.csproj", "{D0BF39E9-FADB-4A37-AB42-ABDB1C345EE0}"
EndProject
Global
	GlobalSection(SolutionConfigurationPlatforms) = preSolution
		Debug|Any CPU = Debug|Any CPU
		Release|Any CPU = Release|Any CPU
	EndGlobalSection
	GlobalSection(ProjectConfigurationPlatforms) = postSolution
		{D0BF39E9-FADB-4A37-AB42-ABDB1C345EE0}.Debug|Any CPU.ActiveCfg = Debug|Any CPU
		{D0BF39E9-FADB-4A37-AB42-ABDB1C345EE0}.Debug|Any CPU.Build.0 = Debug|Any CPU
		{D0BF39E9-FADB-4A37-AB42-ABDB1C345EE0}.Release|Any CPU.ActiveCfg = Release|Any CPU
		{D0BF39E9-FADB-4A37-AB42-ABDB1C345EE0}.Release|Any CPU.Build.0 = Release|Any CPU
	EndGlobalSection
	GlobalSection(SolutionProperties) = preSolution
		HideSolutionNode = FALSE
	EndGlobalSection
	GlobalSection(ExtensibilityGlobals) = postSolution
		SolutionGuid = {F436C9D0-5BCB-484E-B474-98278239F148}
	EndGlobalSection
EndGlobal
